{
  "name": "learningnodefs",
  "version": "1.0.0",
  "lockfileVersion": 1,
  "requires": true,
  "dependencies": {
    "@types/node": {
      "version": "12.0.10",
      "resolved": "https://registry.npm.taobao.org/@types/node/download/@types/node-12.0.10.tgz",
      "integrity": "sha1-Ubq/nH3q3VNDYgBV/Ir/eZXIsDE=",
      "dev": true
    },
    "arg": {
      "version": "4.1.0",
      "resolved": "https://registry.npm.taobao.org/arg/download/arg-4.1.0.tgz",
      "integrity": "sha1-WDxRgZlBngA3q7dAYsN/hRnldfA=",
      "dev": true
    },
    "buffer-from": {
      "version": "1.1.1",
      "resolved": "https://registry.npm.taobao.org/buffer-from/download/buffer-from-1.1.1.tgz",
      "integrity": "sha1-MnE7wCj3XAL9txDXx7zsHyxgcO8=",
      "dev": true
    },
    "define-properties": {
      "version": "1.1.3",
      "resolved": "https://registry.npm.taobao.org/define-properties/download/define-properties-1.1.3.tgz",
      "integrity": "sha1-z4jabL7ib+bbcJT2HYcMvYTO6fE=",
      "dev": true,
      "requires": {
        "object-keys": "^1.0.12"
      }
    },
    "diff": {
      "version": "4.0.1",
      "resolved": "https://registry.npm.taobao.org/diff/download/diff-4.0.1.tgz",
      "integrity": "sha1-DGZ8tGfru1zqfxTxNcwtuneAqP8=",
      "dev": true
    },
    "es-abstract": {
      "version": "1.13.0",
      "resolved": "https://registry.npm.taobao.org/es-abstract/download/es-abstract-1.13.0.tgz",
      "integrity": "sha1-rIYUX91QmdjdSVWMy6Lq+biOJOk=",
      "dev": true,
      "requires": {
        "es-to-primitive": "^1.2.0",
        "function-bind": "^1.1.1",
        "has": "^1.0.3",
        "is-callable": "^1.1.4",
        "is-regex": "^1.0.4",
        "object-keys": "^1.0.12"
      }
    },
    "es-to-primitive": {
      "version": "1.2.0",
      "resolved": "https://registry.npm.taobao.org/es-to-primitive/download/es-to-primitive-1.2.0.tgz",
      "integrity": "sha1-7fckeAM0VujdqO8J4ArZZQcH83c=",
      "dev": true,
      "requires": {
        "is-callable": "^1.1.4",
        "is-date-object": "^1.0.1",
        "is-symbol": "^1.0.2"
      }
    },
    "function-bind": {
      "version": "1.1.1",
      "resolved": "https://registry.npm.taobao.org/function-bind/download/function-bind-1.1.1.tgz",
      "integrity": "sha1-pWiZ0+o8m6uHS7l3O3xe3pL0iV0=",
      "dev": true
    },
    "has": {
      "version": "1.0.3",
      "resolved": "https://registry.npm.taobao.org/has/download/has-1.0.3.tgz",
      "integrity": "sha1-ci18v8H2qoJB8W3YFOAR4fQeh5Y=",
      "dev": true,
      "requires": {
        "function-bind": "^1.1.1"
      }
    },
    "has-symbols": {
      "version": "1.0.0",
      "resolved": "https://registry.npm.taobao.org/has-symbols/download/has-symbols-1.0.0.tgz",
      "integrity": "sha1-uhqPGvKg/DllD1yFA2dwQSIGO0Q=",
      "dev": true
    },
    "inherits": {
      "version": "2.0.3",
      "resolved": "https://registry.npm.taobao.org/inherits/download/inherits-2.0.3.tgz?cache=0&sync_timestamp=1560975547815&other_urls=https%3A%2F%2Fregistry.npm.taobao.org%2Finherits%2Fdownload%2Finherits-2.0.3.tgz",
      "integrity": "sha1-Yzwsg+PaQqUC9SRmAiSA9CCCYd4=",
      "dev": true
    },
    "is-arguments": {
      "version": "1.0.4",
      "resolved": "https://registry.npm.taobao.org/is-arguments/download/is-arguments-1.0.4.tgz",
      "integrity": "sha1-P6+WbHy6D/Q3+zH2JQCC/PBEjPM=",
      "dev": true
    },
    "is-callable": {
      "version": "1.1.4",
      "resolved": "https://registry.npm.taobao.org/is-callable/download/is-callable-1.1.4.tgz",
      "integrity": "sha1-HhrfIZ4e62hNaR+dagX/DTCiTXU=",
      "dev": true
    },
    "is-date-object": {
      "version": "1.0.1",
      "resolved": "https://registry.npm.taobao.org/is-date-object/download/is-date-object-1.0.1.tgz",
      "integrity": "sha1-mqIOtq7rv/d/vTPnTKAbM1gdOhY=",
      "dev": true
    },
    "is-generator-function": {
      "version": "1.0.7",
      "resolved": "https://registry.npm.taobao.org/is-generator-function/download/is-generator-function-1.0.7.tgz",
      "integrity": "sha1-0hMuUpuwAAp/gHlNS99c1eWBNSI=",
      "dev": true
    },
    "is-regex": {
      "version": "1.0.4",
      "resolved": "https://registry.npm.taobao.org/is-regex/download/is-regex-1.0.4.tgz",
      "integrity": "sha1-VRdIm1RwkbCTDglWVM7SXul+lJE=",
      "dev": true,
      "requires": {
        "has": "^1.0.1"
      }
    },
    "is-symbol": {
      "version": "1.0.2",
      "resolved": "https://registry.npm.taobao.org/is-symbol/download/is-symbol-1.0.2.tgz",
      "integrity": "sha1-oFX2rlcZLK7jKeeoYBGLSXqVDzg=",
      "dev": true,
      "requires": {
        "has-symbols": "^1.0.0"
      }
    },
    "make-error": {
      "version": "1.3.5",
      "resolved": "https://registry.npm.taobao.org/make-error/download/make-error-1.3.5.tgz",
      "integrity": "sha1-7+ToH22yjK3WBccPKcgxtY73dsg=",
      "dev": true
    },
    "object-keys": {
      "version": "1.1.1",
      "resolved": "https://registry.npm.taobao.org/object-keys/download/object-keys-1.1.1.tgz",
      "integrity": "sha1-HEfyct8nfzsdrwYWd9nILiMixg4=",
      "dev": true
    },
    "object.entries": {
      "version": "1.1.0",
      "resolved": "https://registry.npm.taobao.org/object.entries/download/object.entries-1.1.0.tgz",
      "integrity": "sha1-ICT8bWuiRq7ji9sP/Vz7zzcbdRk=",
      "dev": true,
      "requires": {
        "define-properties": "^1.1.3",
        "es-abstract": "^1.12.0",
        "function-bind": "^1.1.1",
        "has": "^1.0.3"
      }
    },
    "safe-buffer": {
      "version": "5.1.2",
      "resolved": "https://registry.npm.taobao.org/safe-buffer/download/safe-buffer-5.1.2.tgz",
      "integrity": "sha1-mR7GnSluAxN0fVm9/St0XDX4go0=",
      "dev": true
    },
    "source-map": {
      "version": "0.6.1",
      "resolved": "https://registry.npm.taobao.org/source-map/download/source-map-0.6.1.tgz",
      "integrity": "sha1-dHIq8y6WFOnCh6jQu95IteLxomM=",
      "dev": true
    },
    "source-map-support": {
      "version": "0.5.12",
      "resolved": "https://registry.npm.taobao.org/source-map-support/download/source-map-support-0.5.12.tgz?cache=0&other_urls=https%3A%2F%2Fregistry.npm.taobao.org%2Fsource-map-support%2Fdownload%2Fsource-map-support-0.5.12.tgz",
      "integrity": "sha1-tPOxDVGFelrwE4086AA7IBYT1Zk=",
      "dev": true,
      "requires": {
        "buffer-from": "^1.0.0",
        "source-map": "^0.6.0"
      }
    },
    "ts-node": {
      "version": "8.3.0",
      "resolved": "https://registry.npm.taobao.org/ts-node/download/ts-node-8.3.0.tgz?cache=0&sync_timestamp=1560559862305&other_urls=https%3A%2F%2Fregistry.npm.taobao.org%2Fts-node%2Fdownload%2Fts-node-8.3.0.tgz",
      "integrity": "sha1-5AWWGEETcZJKH7XzsSWRXzJO+1c=",
      "dev": true,
      "requires": {
        "arg": "^4.1.0",
        "diff": "^4.0.1",
        "make-error": "^1.1.1",
        "source-map-support": "^0.5.6",
        "yn": "^3.0.0"
      }
    },
    "typescript": {
      "version": "3.5.2",
      "resolved": "https://registry.npm.taobao.org/typescript/download/typescript-3.5.2.tgz?cache=0&sync_timestamp=1561443936008&other_urls=https%3A%2F%2Fregistry.npm.taobao.org%2Ftypescript%2Fdownload%2Ftypescript-3.5.2.tgz",
      "integrity": "sha1-oJ4dxpvJVRyt8X26EO5Cz1Xl1Ww=",
      "dev": true
    },
    "util": {
      "version": "0.12.0",
      "resolved": "https://registry.npm.taobao.org/util/download/util-0.12.0.tgz?cache=0&other_urls=https%3A%2F%2Fregistry.npm.taobao.org%2Futil%2Fdownload%2Futil-0.12.0.tgz",
      "integrity": "sha1-u149KbonA8et0K0zcAO+PKR3eYo=",
      "dev": true,
      "requires": {
        "inherits": "2.0.3",
        "is-arguments": "^1.0.4",
        "is-generator-function": "^1.0.7",
        "object.entries": "^1.1.0",
        "safe-buffer": "^5.1.2"
      }
    },
    "yn": {
      "version": "3.1.0",
      "resolved": "https://registry.npm.taobao.org/yn/download/yn-3.1.0.tgz",
      "integrity": "sha1-/L4ttjYQNhr8xeueCskel20EYRQ=",
      "dev": true
    }
  }
}
