{
  "name": "using-1st-npm-pkg",
  "version": "1.0.0",
  "lockfileVersion": 1,
  "requires": true,
  "dependencies": {
    "gibbon-1st-pkg": {
      "version": "1.0.0",
      "resolved": "https://registry.npmjs.org/gibbon-1st-pkg/-/gibbon-1st-pkg-1.0.0.tgz",
      "integrity": "sha512-YRG7reYKRb3u5p9JEiQ3FZ8EABcbeOEI3qOtQ8YC9HCSROUzyQAuQB4F5fWJh1ALpCbBQ7rh2NCVTUP5HxewMw==",
      "dev": true
    },
    "typescript": {
      "version": "3.4.5",
      "resolved": "https://registry.npmjs.org/typescript/-/typescript-3.4.5.tgz",
      "integrity": "sha512-YycBxUb49UUhdNMU5aJ7z5Ej2XGmaIBL0x34vZ82fn3hGvD+bgrMrVDpatgz2f7YxUMJxMkbWxJZeAvDxVe7Vw==",
      "dev": true
    }
  }
}
