{
  "name": "test-with-yarn",
  "version": "1.0.0",
  "lockfileVersion": 1,
  "requires": true,
  "dependencies": {
    "arg": {
      "version": "4.1.0",
      "resolved": "https://registry.npm.taobao.org/arg/download/arg-4.1.0.tgz",
      "integrity": "sha1-WDxRgZlBngA3q7dAYsN/hRnldfA=",
      "dev": true
    },
    "bindings": {
      "version": "1.5.0",
      "resolved": "https://registry.npm.taobao.org/bindings/download/bindings-1.5.0.tgz?cache=0&other_urls=https%3A%2F%2Fregistry.npm.taobao.org%2Fbindings%2Fdownload%2Fbindings-1.5.0.tgz",
      "integrity": "sha1-EDU8npRTNLwFEabZCzj7x8nFBN8=",
      "requires": {
        "file-uri-to-path": "1.0.0"
      }
    },
    "buffer-from": {
      "version": "1.1.1",
      "resolved": "https://registry.npm.taobao.org/buffer-from/download/buffer-from-1.1.1.tgz",
      "integrity": "sha1-MnE7wCj3XAL9txDXx7zsHyxgcO8=",
      "dev": true
    },
    "diff": {
      "version": "4.0.1",
      "resolved": "https://registry.npm.taobao.org/diff/download/diff-4.0.1.tgz",
      "integrity": "sha1-DGZ8tGfru1zqfxTxNcwtuneAqP8=",
      "dev": true
    },
    "file-uri-to-path": {
      "version": "1.0.0",
      "resolved": "https://registry.npm.taobao.org/file-uri-to-path/download/file-uri-to-path-1.0.0.tgz",
      "integrity": "sha1-VTp7hEb/b2hDWcRF8eN6BdrMM90="
    },
    "fs-extra": {
      "version": "7.0.1",
      "resolved": "https://registry.npm.taobao.org/fs-extra/download/fs-extra-7.0.1.tgz",
      "integrity": "sha1-TxicRKoSO4lfcigE9V6iPq3DSOk=",
      "requires": {
        "graceful-fs": "^4.1.2",
        "jsonfile": "^4.0.0",
        "universalify": "^0.1.0"
      }
    },
    "graceful-fs": {
      "version": "4.1.15",
      "resolved": "https://registry.npm.taobao.org/graceful-fs/download/graceful-fs-4.1.15.tgz",
      "integrity": "sha1-/7cD4QZuig7qpMi4C6klPu77+wA="
    },
    "jsonfile": {
      "version": "4.0.0",
      "resolved": "https://registry.npm.taobao.org/jsonfile/download/jsonfile-4.0.0.tgz",
      "integrity": "sha1-h3Gq4HmbZAdrdmQPygWPnBDjPss=",
      "requires": {
        "graceful-fs": "^4.1.6"
      }
    },
    "lodash.isinteger": {
      "version": "4.0.4",
      "resolved": "https://registry.npm.taobao.org/lodash.isinteger/download/lodash.isinteger-4.0.4.tgz",
      "integrity": "sha1-YZwK89A/iwTDH1iChAt3sRzWg0M="
    },
    "lodash.isundefined": {
      "version": "3.0.1",
      "resolved": "https://registry.npm.taobao.org/lodash.isundefined/download/lodash.isundefined-3.0.1.tgz",
      "integrity": "sha1-I+89lTVWUgOmbO/VuDD4SJEa+0g="
    },
    "make-error": {
      "version": "1.3.5",
      "resolved": "https://registry.npm.taobao.org/make-error/download/make-error-1.3.5.tgz",
      "integrity": "sha1-7+ToH22yjK3WBccPKcgxtY73dsg=",
      "dev": true
    },
    "minimist": {
      "version": "0.0.8",
      "resolved": "https://registry.npm.taobao.org/minimist/download/minimist-0.0.8.tgz",
      "integrity": "sha1-hX/Kv8M5fSYluCKCYuhqp6ARsF0="
    },
    "mkdirp": {
      "version": "0.5.1",
      "resolved": "https://registry.npm.taobao.org/mkdirp/download/mkdirp-0.5.1.tgz?cache=0&other_urls=https%3A%2F%2Fregistry.npm.taobao.org%2Fmkdirp%2Fdownload%2Fmkdirp-0.5.1.tgz",
      "integrity": "sha1-MAV0OOrGz3+MR2fzhkjWaX11yQM=",
      "requires": {
        "minimist": "0.0.8"
      }
    },
    "nan": {
      "version": "2.14.0",
      "resolved": "https://registry.npm.taobao.org/nan/download/nan-2.14.0.tgz",
      "integrity": "sha1-eBj3IgJ7JFmobwKV1DTR/CM2xSw="
    },
    "native-keymap": {
      "version": "1.2.5",
      "resolved": "https://registry.npm.taobao.org/native-keymap/download/native-keymap-1.2.5.tgz",
      "integrity": "sha1-EDWpQXuak0DPgJd2OkPHbViBZaU="
    },
    "node-addon-api": {
      "version": "1.6.2",
      "resolved": "https://registry.npm.taobao.org/node-addon-api/download/node-addon-api-1.6.2.tgz",
      "integrity": "sha1-2KrZeBpc/EEyzC/s292YJTQmUhc=",
      "optional": true
    },
    "node-pty": {
      "version": "0.9.0-beta13",
      "resolved": "https://registry.npm.taobao.org/node-pty/download/node-pty-0.9.0-beta13.tgz",
      "integrity": "sha1-YVyudEesIyrvplomPWghvATQ8hM=",
      "requires": {
        "nan": "^2.13.2"
      }
    },
    "source-map": {
      "version": "0.6.1",
      "resolved": "https://registry.npm.taobao.org/source-map/download/source-map-0.6.1.tgz",
      "integrity": "sha1-dHIq8y6WFOnCh6jQu95IteLxomM=",
      "dev": true
    },
    "source-map-support": {
      "version": "0.5.12",
      "resolved": "https://registry.npm.taobao.org/source-map-support/download/source-map-support-0.5.12.tgz?cache=0&other_urls=https%3A%2F%2Fregistry.npm.taobao.org%2Fsource-map-support%2Fdownload%2Fsource-map-support-0.5.12.tgz",
      "integrity": "sha1-tPOxDVGFelrwE4086AA7IBYT1Zk=",
      "dev": true,
      "requires": {
        "buffer-from": "^1.0.0",
        "source-map": "^0.6.0"
      }
    },
    "spdlog": {
      "version": "0.8.1",
      "resolved": "https://registry.npm.taobao.org/spdlog/download/spdlog-0.8.1.tgz",
      "integrity": "sha1-37PzQiqz7+Mr555HablUQO1yaZ8=",
      "requires": {
        "bindings": "^1.3.0",
        "mkdirp": "^0.5.1",
        "nan": "^2.8.0"
      }
    },
    "ts-node": {
      "version": "8.3.0",
      "resolved": "https://registry.npm.taobao.org/ts-node/download/ts-node-8.3.0.tgz?cache=0&sync_timestamp=1560559862305&other_urls=https%3A%2F%2Fregistry.npm.taobao.org%2Fts-node%2Fdownload%2Fts-node-8.3.0.tgz",
      "integrity": "sha1-5AWWGEETcZJKH7XzsSWRXzJO+1c=",
      "dev": true,
      "requires": {
        "arg": "^4.1.0",
        "diff": "^4.0.1",
        "make-error": "^1.1.1",
        "source-map-support": "^0.5.6",
        "yn": "^3.0.0"
      }
    },
    "typescript": {
      "version": "3.5.2",
      "resolved": "https://registry.npm.taobao.org/typescript/download/typescript-3.5.2.tgz?cache=0&sync_timestamp=1560492902747&other_urls=https%3A%2F%2Fregistry.npm.taobao.org%2Ftypescript%2Fdownload%2Ftypescript-3.5.2.tgz",
      "integrity": "sha1-oJ4dxpvJVRyt8X26EO5Cz1Xl1Ww=",
      "dev": true
    },
    "universalify": {
      "version": "0.1.2",
      "resolved": "https://registry.npm.taobao.org/universalify/download/universalify-0.1.2.tgz",
      "integrity": "sha1-tkb2m+OULavOzJ1mOcgNwQXvqmY="
    },
    "vscode-nsfw": {
      "version": "1.1.1",
      "resolved": "https://registry.npm.taobao.org/vscode-nsfw/download/vscode-nsfw-1.1.1.tgz",
      "integrity": "sha1-fD/r4VNnfFhQsZegtkoZfNEelcc=",
      "requires": {
        "fs-extra": "^7.0.0",
        "lodash.isinteger": "^4.0.4",
        "lodash.isundefined": "^3.0.1",
        "nan": "^2.10.0"
      }
    },
    "vscode-ripgrep": {
      "version": "1.2.5",
      "resolved": "https://registry.npm.taobao.org/vscode-ripgrep/download/vscode-ripgrep-1.2.5.tgz",
      "integrity": "sha1-IJPI821SvS2rnrRbAD3QJTPFSZw="
    },
    "vscode-windows-ca-certs": {
      "version": "0.1.0",
      "resolved": "https://registry.npm.taobao.org/vscode-windows-ca-certs/download/vscode-windows-ca-certs-0.1.0.tgz",
      "integrity": "sha1-1Y7rQLU2EwkYz94rAebcflwb11c=",
      "optional": true,
      "requires": {
        "node-addon-api": "1.6.2"
      }
    },
    "vscode-windows-registry": {
      "version": "1.0.1",
      "resolved": "https://registry.npm.taobao.org/vscode-windows-registry/download/vscode-windows-registry-1.0.1.tgz",
      "integrity": "sha1-vJ92VWPrbcHJrZpB+eqsyE363Hw=",
      "optional": true,
      "requires": {
        "nan": "^2.12.1"
      }
    },
    "windows-foreground-love": {
      "version": "0.1.0",
      "resolved": "https://registry.npm.taobao.org/windows-foreground-love/download/windows-foreground-love-0.1.0.tgz",
      "integrity": "sha1-lI5L6sBzPNWGJHEMwJQyt+i/NSE=",
      "optional": true
    },
    "windows-mutex": {
      "version": "0.2.1",
      "resolved": "https://registry.npm.taobao.org/windows-mutex/download/windows-mutex-0.2.1.tgz",
      "integrity": "sha1-BajagBjyKHTX+713XAFBh20cKPw=",
      "optional": true,
      "requires": {
        "bindings": "^1.2.1",
        "nan": "^2.10.0"
      }
    },
    "windows-process-tree": {
      "version": "0.2.3",
      "resolved": "https://registry.npm.taobao.org/windows-process-tree/download/windows-process-tree-0.2.3.tgz",
      "integrity": "sha1-a3gfCjIOig1kNMk5mt1DiccJz24=",
      "optional": true,
      "requires": {
        "nan": "^2.10.0"
      }
    },
    "yn": {
      "version": "3.1.0",
      "resolved": "https://registry.npm.taobao.org/yn/download/yn-3.1.0.tgz",
      "integrity": "sha1-/L4ttjYQNhr8xeueCskel20EYRQ=",
      "dev": true
    }
  }
}
