# THIS IS AN AUTOGENERATED FILE. DO NOT EDIT THIS FILE DIRECTLY.
# yarn lockfile v1


bindings@^1.2.1, bindings@^1.3.0:
  version "1.5.0"
  resolved "https://registry.npm.taobao.org/bindings/download/bindings-1.5.0.tgz?cache=0&other_urls=https%3A%2F%2Fregistry.npm.taobao.org%2Fbindings%2Fdownload%2Fbindings-1.5.0.tgz#10353c9e945334bc0511a6d90b38fbc7c9c504df"
  integrity sha1-EDU8npRTNLwFEabZCzj7x8nFBN8=
  dependencies:
    file-uri-to-path "1.0.0"

file-uri-to-path@1.0.0:
  version "1.0.0"
  resolved "https://registry.npm.taobao.org/file-uri-to-path/download/file-uri-to-path-1.0.0.tgz#553a7b8446ff6f684359c445f1e37a05dacc33dd"
  integrity sha1-VTp7hEb/b2hDWcRF8eN6BdrMM90=

fs-extra@^7.0.0:
  version "7.0.1"
  resolved "https://registry.npm.taobao.org/fs-extra/download/fs-extra-7.0.1.tgz#4f189c44aa123b895f722804f55ea23eadc348e9"
  integrity sha1-TxicRKoSO4lfcigE9V6iPq3DSOk=
  dependencies:
    graceful-fs "^4.1.2"
    jsonfile "^4.0.0"
    universalify "^0.1.0"

graceful-fs@^4.1.2, graceful-fs@^4.1.6:
  version "4.1.15"
  resolved "https://registry.npm.taobao.org/graceful-fs/download/graceful-fs-4.1.15.tgz#ffb703e1066e8a0eeaa4c8b80ba9253eeefbfb00"
  integrity sha1-/7cD4QZuig7qpMi4C6klPu77+wA=

jsonfile@^4.0.0:
  version "4.0.0"
  resolved "https://registry.npm.taobao.org/jsonfile/download/jsonfile-4.0.0.tgz#8771aae0799b64076b76640fca058f9c10e33ecb"
  integrity sha1-h3Gq4HmbZAdrdmQPygWPnBDjPss=
  optionalDependencies:
    graceful-fs "^4.1.6"

lodash.isinteger@^4.0.4:
  version "4.0.4"
  resolved "https://registry.npm.taobao.org/lodash.isinteger/download/lodash.isinteger-4.0.4.tgz#619c0af3d03f8b04c31f5882840b77b11cd68343"
  integrity sha1-YZwK89A/iwTDH1iChAt3sRzWg0M=

lodash.isundefined@^3.0.1:
  version "3.0.1"
  resolved "https://registry.npm.taobao.org/lodash.isundefined/download/lodash.isundefined-3.0.1.tgz#23ef3d9535565203a66cefd5b830f848911afb48"
  integrity sha1-I+89lTVWUgOmbO/VuDD4SJEa+0g=

minimist@0.0.8:
  version "0.0.8"
  resolved "https://registry.npm.taobao.org/minimist/download/minimist-0.0.8.tgz#857fcabfc3397d2625b8228262e86aa7a011b05d"
  integrity sha1-hX/Kv8M5fSYluCKCYuhqp6ARsF0=

mkdirp@^0.5.1:
  version "0.5.1"
  resolved "https://registry.npm.taobao.org/mkdirp/download/mkdirp-0.5.1.tgz#30057438eac6cf7f8c4767f38648d6697d75c903"
  integrity sha1-MAV0OOrGz3+MR2fzhkjWaX11yQM=
  dependencies:
    minimist "0.0.8"

nan@^2.10.0, nan@^2.12.1, nan@^2.13.2, nan@^2.8.0:
  version "2.14.0"
  resolved "https://registry.npm.taobao.org/nan/download/nan-2.14.0.tgz#7818f722027b2459a86f0295d434d1fc2336c52c"
  integrity sha1-eBj3IgJ7JFmobwKV1DTR/CM2xSw=

node-addon-api@1.6.2:
  version "1.6.2"
  resolved "https://registry.npm.taobao.org/node-addon-api/download/node-addon-api-1.6.2.tgz#d8aad9781a5cfc4132cc2fecdbdd982534265217"
  integrity sha1-2KrZeBpc/EEyzC/s292YJTQmUhc=

node-pty@0.9.0-beta13:
  version "0.9.0-beta13"
  resolved "https://registry.npm.taobao.org/node-pty/download/node-pty-0.9.0-beta13.tgz#615cae7447ac232aefa65a263d6821bc04d0f213"
  integrity sha1-YVyudEesIyrvplomPWghvATQ8hM=
  dependencies:
    nan "^2.13.2"

spdlog@0.8.1:
  version "0.8.1"
  resolved "https://registry.npm.taobao.org/spdlog/download/spdlog-0.8.1.tgz#dfb3f3422ab3efe32be79e4769b95440ed72699f"
  integrity sha1-37PzQiqz7+Mr555HablUQO1yaZ8=
  dependencies:
    bindings "^1.3.0"
    mkdirp "^0.5.1"
    nan "^2.8.0"

universalify@^0.1.0:
  version "0.1.2"
  resolved "https://registry.npm.taobao.org/universalify/download/universalify-0.1.2.tgz#b646f69be3942dabcecc9d6639c80dc105efaa66"
  integrity sha1-tkb2m+OULavOzJ1mOcgNwQXvqmY=

vscode-nsfw@1.1.1:
  version "1.1.1"
  resolved "https://registry.npm.taobao.org/vscode-nsfw/download/vscode-nsfw-1.1.1.tgz#7c3febe153677c5850b197a0b64a197cd11e95c7"
  integrity sha1-fD/r4VNnfFhQsZegtkoZfNEelcc=
  dependencies:
    fs-extra "^7.0.0"
    lodash.isinteger "^4.0.4"
    lodash.isundefined "^3.0.1"
    nan "^2.10.0"

vscode-ripgrep@^1.2.5:
  version "1.2.5"
  resolved "https://registry.npm.taobao.org/vscode-ripgrep/download/vscode-ripgrep-1.2.5.tgz#2093c8f36d52bd2dab9eb45b003dd02533c5499c"
  integrity sha1-IJPI821SvS2rnrRbAD3QJTPFSZw=

vscode-windows-ca-certs@0.1.0:
  version "0.1.0"
  resolved "https://registry.npm.taobao.org/vscode-windows-ca-certs/download/vscode-windows-ca-certs-0.1.0.tgz#d58eeb40b536130918cfde2b01e6dc7e5c1bd757"
  integrity sha1-1Y7rQLU2EwkYz94rAebcflwb11c=
  dependencies:
    node-addon-api "1.6.2"

vscode-windows-registry@1.0.1:
  version "1.0.1"
  resolved "https://registry.npm.taobao.org/vscode-windows-registry/download/vscode-windows-registry-1.0.1.tgz#bc9f765563eb6dc1c9ad9a41f9eaacc84dfadc7c"
  integrity sha1-vJ92VWPrbcHJrZpB+eqsyE363Hw=
  dependencies:
    nan "^2.12.1"

windows-foreground-love@0.1.0:
  version "0.1.0"
  resolved "https://registry.npm.taobao.org/windows-foreground-love/download/windows-foreground-love-0.1.0.tgz#948e4beac0733cd58624710cc09432b7e8bf3521"
  integrity sha1-lI5L6sBzPNWGJHEMwJQyt+i/NSE=

windows-mutex@0.2.1:
  version "0.2.1"
  resolved "https://registry.npm.taobao.org/windows-mutex/download/windows-mutex-0.2.1.tgz#05a8da8018f22874d7fbbd775c0141876d1c28fc"
  integrity sha1-BajagBjyKHTX+713XAFBh20cKPw=
  dependencies:
    bindings "^1.2.1"
    nan "^2.10.0"

windows-process-tree@0.2.3:
  version "0.2.3"
  resolved "https://registry.npm.taobao.org/windows-process-tree/download/windows-process-tree-0.2.3.tgz#6b781f0a320e8a0d6434c9399add4389c709cf6e"
  integrity sha1-a3gfCjIOig1kNMk5mt1DiccJz24=
  dependencies:
    nan "^2.10.0"
