{
  "requires": true,
  "lockfileVersion": 1,
  "dependencies": {
    "nan": {
      "version": "2.12.1",
      "resolved": "https://registry.npm.taobao.org/nan/download/nan-2.12.1.tgz",
      "integrity": "sha1-exqhk+mqhgV+PHu9CsRI53CSVVI=",
      "dev": true
    },
    "node-pty": {
      "version": "0.8.1",
      "resolved": "https://registry.npm.taobao.org/node-pty/download/node-pty-0.8.1.tgz",
      "integrity": "sha1-lLRXvsAT56CbjZFB9jsHh/olwj8=",
      "dev": true,
      "requires": {
        "nan": "2.12.1"
      }
    }
  }
}
